// !$*UTF8*$!
{
	archiveVersion = 1;
	classes = {
	};
	objectVersion = 56;
	objects = {

/* Begin PBXBuildFile section */
		C30FC3B929BBAC3900284099 /* PanelUpperLine.swift in Sources */ = {isa = PBXBuildFile; fileRef = C30FC3B829BBAC3900284099 /* PanelUpperLine.swift */; };
		C392BA7C29C4BCB80020001F /* CardView.swift in Sources */ = {isa = PBXBuildFile; fileRef = C392BA7B29C4BCB80020001F /* CardView.swift */; };
		C392BA7E29C623B50020001F /* Date.swift in Sources */ = {isa = PBXBuildFile; fileRef = C392BA7D29C623B50020001F /* Date.swift */; };
		C392BA8229C663F20020001F /* LoadingCircle.swift in Sources */ = {isa = PBXBuildFile; fileRef = C392BA8129C663F20020001F /* LoadingCircle.swift */; };
		C39FB39829BA4D1100968FB8 /* DealsViewModel.swift in Sources */ = {isa = PBXBuildFile; fileRef = C39FB39729BA4D1100968FB8 /* DealsViewModel.swift */; };
		C3A0EF1629B792E80018DBE1 /* NTProgressTestApp.swift in Sources */ = {isa = PBXBuildFile; fileRef = C3A0EF1529B792E80018DBE1 /* NTProgressTestApp.swift */; };
		C3A0EF1829B792E80018DBE1 /* DealsView.swift in Sources */ = {isa = PBXBuildFile; fileRef = C3A0EF1729B792E80018DBE1 /* DealsView.swift */; };
		C3A0EF1A29B792EA0018DBE1 /* Assets.xcassets in Resources */ = {isa = PBXBuildFile; fileRef = C3A0EF1929B792EA0018DBE1 /* Assets.xcassets */; };
		C3A0EF1D29B792EA0018DBE1 /* Preview Assets.xcassets in Resources */ = {isa = PBXBuildFile; fileRef = C3A0EF1C29B792EA0018DBE1 /* Preview Assets.xcassets */; };
		C3A0EF2429B7932F0018DBE1 /* Server.swift in Sources */ = {isa = PBXBuildFile; fileRef = C3A0EF2329B7932F0018DBE1 /* Server.swift */; };
		C3A0EF2929B7B29B0018DBE1 /* SortType.swift in Sources */ = {isa = PBXBuildFile; fileRef = C3A0EF2829B7B29B0018DBE1 /* SortType.swift */; };
		C3A9872D29BA5ECF00F61302 /* String.swift in Sources */ = {isa = PBXBuildFile; fileRef = C3A9872C29BA5ECF00F61302 /* String.swift */; };
		C3A9872F29BA5EE900F61302 /* Formatter.swift in Sources */ = {isa = PBXBuildFile; fileRef = C3A9872E29BA5EE900F61302 /* Formatter.swift */; };
/* End PBXBuildFile section */

/* Begin PBXFileReference section */
		C30FC3B829BBAC3900284099 /* PanelUpperLine.swift */ = {isa = PBXFileReference; lastKnownFileType = sourcecode.swift; path = PanelUpperLine.swift; sourceTree = "<group>"; };
		C392BA7B29C4BCB80020001F /* CardView.swift */ = {isa = PBXFileReference; lastKnownFileType = sourcecode.swift; path = CardView.swift; sourceTree = "<group>"; };
		C392BA7D29C623B50020001F /* Date.swift */ = {isa = PBXFileReference; lastKnownFileType = sourcecode.swift; path = Date.swift; sourceTree = "<group>"; };
		C392BA8129C663F20020001F /* LoadingCircle.swift */ = {isa = PBXFileReference; lastKnownFileType = sourcecode.swift; path = LoadingCircle.swift; sourceTree = "<group>"; };
		C39FB39729BA4D1100968FB8 /* DealsViewModel.swift */ = {isa = PBXFileReference; lastKnownFileType = sourcecode.swift; path = DealsViewModel.swift; sourceTree = "<group>"; };
		C3A0EF1229B792E80018DBE1 /* NTProgressTest.app */ = {isa = PBXFileReference; explicitFileType = wrapper.application; includeInIndex = 0; path = NTProgressTest.app; sourceTree = BUILT_PRODUCTS_DIR; };
		C3A0EF1529B792E80018DBE1 /* NTProgressTestApp.swift */ = {isa = PBXFileReference; lastKnownFileType = sourcecode.swift; path = NTProgressTestApp.swift; sourceTree = "<group>"; };
		C3A0EF1729B792E80018DBE1 /* DealsView.swift */ = {isa = PBXFileReference; lastKnownFileType = sourcecode.swift; path = DealsView.swift; sourceTree = "<group>"; };
		C3A0EF1929B792EA0018DBE1 /* Assets.xcassets */ = {isa = PBXFileReference; lastKnownFileType = folder.assetcatalog; path = Assets.xcassets; sourceTree = "<group>"; };
		C3A0EF1C29B792EA0018DBE1 /* Preview Assets.xcassets */ = {isa = PBXFileReference; lastKnownFileType = folder.assetcatalog; path = "Preview Assets.xcassets"; sourceTree = "<group>"; };
		C3A0EF2329B7932F0018DBE1 /* Server.swift */ = {isa = PBXFileReference; fileEncoding = 4; lastKnownFileType = sourcecode.swift; path = Server.swift; sourceTree = "<group>"; };
		C3A0EF2829B7B29B0018DBE1 /* SortType.swift */ = {isa = PBXFileReference; lastKnownFileType = sourcecode.swift; path = SortType.swift; sourceTree = "<group>"; };
		C3A9872C29BA5ECF00F61302 /* String.swift */ = {isa = PBXFileReference; lastKnownFileType = sourcecode.swift; path = String.swift; sourceTree = "<group>"; };
		C3A9872E29BA5EE900F61302 /* Formatter.swift */ = {isa = PBXFileReference; lastKnownFileType = sourcecode.swift; path = Formatter.swift; sourceTree = "<group>"; };
/* End PBXFileReference section */

/* Begin PBXFrameworksBuildPhase section */
		C3A0EF0F29B792E80018DBE1 /* Frameworks */ = {
			isa = PBXFrameworksBuildPhase;
			buildActionMask = 2147483647;
			files = (
			);
			runOnlyForDeploymentPostprocessing = 0;
		};
/* End PBXFrameworksBuildPhase section */

/* Begin PBXGroup section */
		C392BA8529C723450020001F /* View */ = {
			isa = PBXGroup;
			children = (
				C3A0EF1729B792E80018DBE1 /* DealsView.swift */,
				C392BA8129C663F20020001F /* LoadingCircle.swift */,
				C392BA7B29C4BCB80020001F /* CardView.swift */,
				C30FC3B829BBAC3900284099 /* PanelUpperLine.swift */,
			);
			path = View;
			sourceTree = "<group>";
		};
		C3A0EF0929B792E80018DBE1 = {
			isa = PBXGroup;
			children = (
				C3A0EF1429B792E80018DBE1 /* NTProgressTest */,
				C3A0EF1329B792E80018DBE1 /* Products */,
			);
			sourceTree = "<group>";
		};
		C3A0EF1329B792E80018DBE1 /* Products */ = {
			isa = PBXGroup;
			children = (
				C3A0EF1229B792E80018DBE1 /* NTProgressTest.app */,
			);
			name = Products;
			sourceTree = "<group>";
		};
		C3A0EF1429B792E80018DBE1 /* NTProgressTest */ = {
			isa = PBXGroup;
			children = (
				C392BA8529C723450020001F /* View */,
				C3A9872B29BA5EB400F61302 /* Extension */,
				C3A0EF1529B792E80018DBE1 /* NTProgressTestApp.swift */,
				C3A0EF2329B7932F0018DBE1 /* Server.swift */,
				C39FB39729BA4D1100968FB8 /* DealsViewModel.swift */,
				C3A0EF2829B7B29B0018DBE1 /* SortType.swift */,
				C3A0EF1929B792EA0018DBE1 /* Assets.xcassets */,
				C3A0EF1B29B792EA0018DBE1 /* Preview Content */,
			);
			path = NTProgressTest;
			sourceTree = "<group>";
		};
		C3A0EF1B29B792EA0018DBE1 /* Preview Content */ = {
			isa = PBXGroup;
			children = (
				C3A0EF1C29B792EA0018DBE1 /* Preview Assets.xcassets */,
			);
			path = "Preview Content";
			sourceTree = "<group>";
		};
		C3A9872B29BA5EB400F61302 /* Extension */ = {
			isa = PBXGroup;
			children = (
				C3A9872C29BA5ECF00F61302 /* String.swift */,
				C3A9872E29BA5EE900F61302 /* Formatter.swift */,
				C392BA7D29C623B50020001F /* Date.swift */,
			);
			path = Extension;
			sourceTree = "<group>";
		};
/* End PBXGroup section */

/* Begin PBXNativeTarget section */
		C3A0EF1129B792E80018DBE1 /* NTProgressTest */ = {
			isa = PBXNativeTarget;
			buildConfigurationList = C3A0EF2029B792EA0018DBE1 /* Build configuration list for PBXNativeTarget "NTProgressTest" */;
			buildPhases = (
				C3A0EF0E29B792E80018DBE1 /* Sources */,
				C3A0EF0F29B792E80018DBE1 /* Frameworks */,
				C3A0EF1029B792E80018DBE1 /* Resources */,
			);
			buildRules = (
			);
			dependencies = (
			);
			name = NTProgressTest;
			productName = NTProgressTest;
			productReference = C3A0EF1229B792E80018DBE1 /* NTProgressTest.app */;
			productType = "com.apple.product-type.application";
		};
/* End PBXNativeTarget section */

/* Begin PBXProject section */
		C3A0EF0A29B792E80018DBE1 /* Project object */ = {
			isa = PBXProject;
			attributes = {
				BuildIndependentTargetsInParallel = 1;
				LastSwiftUpdateCheck = 1420;
				LastUpgradeCheck = 1420;
				TargetAttributes = {
					C3A0EF1129B792E80018DBE1 = {
						CreatedOnToolsVersion = 14.2;
					};
				};
			};
			buildConfigurationList = C3A0EF0D29B792E80018DBE1 /* Build configuration list for PBXProject "NTProgressTest" */;
			compatibilityVersion = "Xcode 14.0";
			developmentRegion = en;
			hasScannedForEncodings = 0;
			knownRegions = (
				en,
				Base,
			);
			mainGroup = C3A0EF0929B792E80018DBE1;
			productRefGroup = C3A0EF1329B792E80018DBE1 /* Products */;
			projectDirPath = "";
			projectRoot = "";
			targets = (
				C3A0EF1129B792E80018DBE1 /* NTProgressTest */,
			);
		};
/* End PBXProject section */

/* Begin PBXResourcesBuildPhase section */
		C3A0EF1029B792E80018DBE1 /* Resources */ = {
			isa = PBXResourcesBuildPhase;
			buildActionMask = 2147483647;
			files = (
				C3A0EF1D29B792EA0018DBE1 /* Preview Assets.xcassets in Resources */,
				C3A0EF1A29B792EA0018DBE1 /* Assets.xcassets in Resources */,
			);
			runOnlyForDeploymentPostprocessing = 0;
		};
/* End PBXResourcesBuildPhase section */

/* Begin PBXSourcesBuildPhase section */
		C3A0EF0E29B792E80018DBE1 /* Sources */ = {
			isa = PBXSourcesBuildPhase;
			buildActionMask = 2147483647;
			files = (
				C39FB39829BA4D1100968FB8 /* DealsViewModel.swift in Sources */,
				C3A0EF1829B792E80018DBE1 /* DealsView.swift in Sources */,
				C3A0EF2429B7932F0018DBE1 /* Server.swift in Sources */,
				C3A9872D29BA5ECF00F61302 /* String.swift in Sources */,
				C3A0EF1629B792E80018DBE1 /* NTProgressTestApp.swift in Sources */,
				C3A9872F29BA5EE900F61302 /* Formatter.swift in Sources */,
				C30FC3B929BBAC3900284099 /* PanelUpperLine.swift in Sources */,
				C392BA7E29C623B50020001F /* Date.swift in Sources */,
				C392BA7C29C4BCB80020001F /* CardView.swift in Sources */,
				C392BA8229C663F20020001F /* LoadingCircle.swift in Sources */,
				C3A0EF2929B7B29B0018DBE1 /* SortType.swift in Sources */,
			);
			runOnlyForDeploymentPostprocessing = 0;
		};
/* End PBXSourcesBuildPhase section */

/* Begin XCBuildConfiguration section */
		C3A0EF1E29B792EA0018DBE1 /* Debug */ = {
			isa = XCBuildConfiguration;
			buildSettings = {
				ALWAYS_SEARCH_USER_PATHS = NO;
				CLANG_ANALYZER_NONNULL = YES;
				CLANG_ANALYZER_NUMBER_OBJECT_CONVERSION = YES_AGGRESSIVE;
				CLANG_CXX_LANGUAGE_STANDARD = "gnu++20";
				CLANG_ENABLE_MODULES = YES;
				CLANG_ENABLE_OBJC_ARC = YES;
				CLANG_ENABLE_OBJC_WEAK = YES;
				CLANG_WARN_BLOCK_CAPTURE_AUTORELEASING = YES;
				CLANG_WARN_BOOL_CONVERSION = YES;
				CLANG_WARN_COMMA = YES;
				CLANG_WARN_CONSTANT_CONVERSION = YES;
				CLANG_WARN_DEPRECATED_OBJC_IMPLEMENTATIONS = YES;
				CLANG_WARN_DIRECT_OBJC_ISA_USAGE = YES_ERROR;
				CLANG_WARN_DOCUMENTATION_COMMENTS = YES;
				CLANG_WARN_EMPTY_BODY = YES;
				CLANG_WARN_ENUM_CONVERSION = YES;
				CLANG_WARN_INFINITE_RECURSION = YES;
				CLANG_WARN_INT_CONVERSION = YES;
				CLANG_WARN_NON_LITERAL_NULL_CONVERSION = YES;
				CLANG_WARN_OBJC_IMPLICIT_RETAIN_SELF = YES;
				CLANG_WARN_OBJC_LITERAL_CONVERSION = YES;
				CLANG_WARN_OBJC_ROOT_CLASS = YES_ERROR;
				CLANG_WARN_QUOTED_INCLUDE_IN_FRAMEWORK_HEADER = YES;
				CLANG_WARN_RANGE_LOOP_ANALYSIS = YES;
				CLANG_WARN_STRICT_PROTOTYPES = YES;
				CLANG_WARN_SUSPICIOUS_MOVE = YES;
				CLANG_WARN_UNGUARDED_AVAILABILITY = YES_AGGRESSIVE;
				CLANG_WARN_UNREACHABLE_CODE = YES;
				CLANG_WARN__DUPLICATE_METHOD_MATCH = YES;
				COPY_PHASE_STRIP = NO;
				DEBUG_INFORMATION_FORMAT = dwarf;
				ENABLE_STRICT_OBJC_MSGSEND = YES;
				ENABLE_TESTABILITY = YES;
				GCC_C_LANGUAGE_STANDARD = gnu11;
				GCC_DYNAMIC_NO_PIC = NO;
				GCC_NO_COMMON_BLOCKS = YES;
				GCC_OPTIMIZATION_LEVEL = 0;
				GCC_PREPROCESSOR_DEFINITIONS = (
					"DEBUG=1",
					"$(inherited)",
				);
				GCC_WARN_64_TO_32_BIT_CONVERSION = YES;
				GCC_WARN_ABOUT_RETURN_TYPE = YES_ERROR;
				GCC_WARN_UNDECLARED_SELECTOR = YES;
				GCC_WARN_UNINITIALIZED_AUTOS = YES_AGGRESSIVE;
				GCC_WARN_UNUSED_FUNCTION = YES;
				GCC_WARN_UNUSED_VARIABLE = YES;
				IPHONEOS_DEPLOYMENT_TARGET = 16.2;
				MTL_ENABLE_DEBUG_INFO = INCLUDE_SOURCE;
				MTL_FAST_MATH = YES;
				ONLY_ACTIVE_ARCH = YES;
				SDKROOT = iphoneos;
				SWIFT_ACTIVE_COMPILATION_CONDITIONS = DEBUG;
				SWIFT_OPTIMIZATION_LEVEL = "-Onone";
			};
			name = Debug;
		};
		C3A0EF1F29B792EA0018DBE1 /* Release */ = {
			isa = XCBuildConfiguration;
			buildSettings = {
				ALWAYS_SEARCH_USER_PATHS = NO;
				CLANG_ANALYZER_NONNULL = YES;
				CLANG_ANALYZER_NUMBER_OBJECT_CONVERSION = YES_AGGRESSIVE;
				CLANG_CXX_LANGUAGE_STANDARD = "gnu++20";
				CLANG_ENABLE_MODULES = YES;
				CLANG_ENABLE_OBJC_ARC = YES;
				CLANG_ENABLE_OBJC_WEAK = YES;
				CLANG_WARN_BLOCK_CAPTURE_AUTORELEASING = YES;
				CLANG_WARN_BOOL_CONVERSION = YES;
				CLANG_WARN_COMMA = YES;
				CLANG_WARN_CONSTANT_CONVERSION = YES;
				CLANG_WARN_DEPRECATED_OBJC_IMPLEMENTATIONS = YES;
				CLANG_WARN_DIRECT_OBJC_ISA_USAGE = YES_ERROR;
				CLANG_WARN_DOCUMENTATION_COMMENTS = YES;
				CLANG_WARN_EMPTY_BODY = YES;
				CLANG_WARN_ENUM_CONVERSION = YES;
				CLANG_WARN_INFINITE_RECURSION = YES;
				CLANG_WARN_INT_CONVERSION = YES;
				CLANG_WARN_NON_LITERAL_NULL_CONVERSION = YES;
				CLANG_WARN_OBJC_IMPLICIT_RETAIN_SELF = YES;
				CLANG_WARN_OBJC_LITERAL_CONVERSION = YES;
				CLANG_WARN_OBJC_ROOT_CLASS = YES_ERROR;
				CLANG_WARN_QUOTED_INCLUDE_IN_FRAMEWORK_HEADER = YES;
				CLANG_WARN_RANGE_LOOP_ANALYSIS = YES;
				CLANG_WARN_STRICT_PROTOTYPES = YES;
				CLANG_WARN_SUSPICIOUS_MOVE = YES;
				CLANG_WARN_UNGUARDED_AVAILABILITY = YES_AGGRESSIVE;
				CLANG_WARN_UNREACHABLE_CODE = YES;
				CLANG_WARN__DUPLICATE_METHOD_MATCH = YES;
				COPY_PHASE_STRIP = NO;
				DEBUG_INFORMATION_FORMAT = "dwarf-with-dsym";
				ENABLE_NS_ASSERTIONS = NO;
				ENABLE_STRICT_OBJC_MSGSEND = YES;
				GCC_C_LANGUAGE_STANDARD = gnu11;
				GCC_NO_COMMON_BLOCKS = YES;
				GCC_WARN_64_TO_32_BIT_CONVERSION = YES;
				GCC_WARN_ABOUT_RETURN_TYPE = YES_ERROR;
				GCC_WARN_UNDECLARED_SELECTOR = YES;
				GCC_WARN_UNINITIALIZED_AUTOS = YES_AGGRESSIVE;
				GCC_WARN_UNUSED_FUNCTION = YES;
				GCC_WARN_UNUSED_VARIABLE = YES;
				IPHONEOS_DEPLOYMENT_TARGET = 16.2;
				MTL_ENABLE_DEBUG_INFO = NO;
				MTL_FAST_MATH = YES;
				SDKROOT = iphoneos;
				SWIFT_COMPILATION_MODE = wholemodule;
				SWIFT_OPTIMIZATION_LEVEL = "-O";
				VALIDATE_PRODUCT = YES;
			};
			name = Release;
		};
		C3A0EF2129B792EA0018DBE1 /* Debug */ = {
			isa = XCBuildConfiguration;
			buildSettings = {
				ASSETCATALOG_COMPILER_APPICON_NAME = AppIcon;
				ASSETCATALOG_COMPILER_GLOBAL_ACCENT_COLOR_NAME = AccentColor;
				CODE_SIGN_STYLE = Automatic;
				CURRENT_PROJECT_VERSION = 1;
				DEVELOPMENT_ASSET_PATHS = "\"NTProgressTest/Preview Content\"";
				DEVELOPMENT_TEAM = V3DND9277P;
				ENABLE_PREVIEWS = YES;
				GENERATE_INFOPLIST_FILE = YES;
				INFOPLIST_KEY_UIApplicationSceneManifest_Generation = YES;
				INFOPLIST_KEY_UIApplicationSupportsIndirectInputEvents = YES;
				INFOPLIST_KEY_UILaunchScreen_Generation = YES;
				INFOPLIST_KEY_UISupportedInterfaceOrientations_iPad = "UIInterfaceOrientationPortrait UIInterfaceOrientationPortraitUpsideDown UIInterfaceOrientationLandscapeLeft UIInterfaceOrientationLandscapeRight";
				INFOPLIST_KEY_UISupportedInterfaceOrientations_iPhone = "UIInterfaceOrientationPortrait UIInterfaceOrientationLandscapeLeft UIInterfaceOrientationLandscapeRight";
				IPHONEOS_DEPLOYMENT_TARGET = 15.0;
				LD_RUNPATH_SEARCH_PATHS = (
					"$(inherited)",
					"@executable_path/Frameworks",
				);
				MARKETING_VERSION = 1.0;
				PRODUCT_BUNDLE_IDENTIFIER = dezhest.NTProgressTest;
				PRODUCT_NAME = "$(TARGET_NAME)";
				SWIFT_EMIT_LOC_STRINGS = YES;
				SWIFT_VERSION = 5.0;
				TARGETED_DEVICE_FAMILY = "1,2";
			};
			name = Debug;
		};
		C3A0EF2229B792EA0018DBE1 /* Release */ = {
			isa = XCBuildConfiguration;
			buildSettings = {
				ASSETCATALOG_COMPILER_APPICON_NAME = AppIcon;
				ASSETCATALOG_COMPILER_GLOBAL_ACCENT_COLOR_NAME = AccentColor;
				CODE_SIGN_STYLE = Automatic;
				CURRENT_PROJECT_VERSION = 1;
				DEVELOPMENT_ASSET_PATHS = "\"NTProgressTest/Preview Content\"";
				DEVELOPMENT_TEAM = V3DND9277P;
				ENABLE_PREVIEWS = YES;
				GENERATE_INFOPLIST_FILE = YES;
				INFOPLIST_KEY_UIApplicationSceneManifest_Generation = YES;
				INFOPLIST_KEY_UIApplicationSupportsIndirectInputEvents = YES;
				INFOPLIST_KEY_UILaunchScreen_Generation = YES;
				INFOPLIST_KEY_UISupportedInterfaceOrientations_iPad = "UIInterfaceOrientationPortrait UIInterfaceOrientationPortraitUpsideDown UIInterfaceOrientationLandscapeLeft UIInterfaceOrientationLandscapeRight";
				INFOPLIST_KEY_UISupportedInterfaceOrientations_iPhone = "UIInterfaceOrientationPortrait UIInterfaceOrientationLandscapeLeft UIInterfaceOrientationLandscapeRight";
				IPHONEOS_DEPLOYMENT_TARGET = 15.0;
				LD_RUNPATH_SEARCH_PATHS = (
					"$(inherited)",
					"@executable_path/Frameworks",
				);
				MARKETING_VERSION = 1.0;
				PRODUCT_BUNDLE_IDENTIFIER = dezhest.NTProgressTest;
				PRODUCT_NAME = "$(TARGET_NAME)";
				SWIFT_EMIT_LOC_STRINGS = YES;
				SWIFT_VERSION = 5.0;
				TARGETED_DEVICE_FAMILY = "1,2";
			};
			name = Release;
		};
/* End XCBuildConfiguration section */

/* Begin XCConfigurationList section */
		C3A0EF0D29B792E80018DBE1 /* Build configuration list for PBXProject "NTProgressTest" */ = {
			isa = XCConfigurationList;
			buildConfigurations = (
				C3A0EF1E29B792EA0018DBE1 /* Debug */,
				C3A0EF1F29B792EA0018DBE1 /* Release */,
			);
			defaultConfigurationIsVisible = 0;
			defaultConfigurationName = Release;
		};
		C3A0EF2029B792EA0018DBE1 /* Build configuration list for PBXNativeTarget "NTProgressTest" */ = {
			isa = XCConfigurationList;
			buildConfigurations = (
				C3A0EF2129B792EA0018DBE1 /* Debug */,
				C3A0EF2229B792EA0018DBE1 /* Release */,
			);
			defaultConfigurationIsVisible = 0;
			defaultConfigurationName = Release;
		};
/* End XCConfigurationList section */
	};
	rootObject = C3A0EF0A29B792E80018DBE1 /* Project object */;
}
